<?xml version="1.0" encoding="utf-8"?>
<Project ToolsVersion="4.0" xmlns="http://schemas.microsoft.com/developer/msbuild/2003">
  <ItemGroup>
    <Filter Include="Header Files">
      <UniqueIdentifier>{93995380-89BD-4b04-88EB-625FBE52EBFB}</UniqueIdentifier>
      <Extensions>h;hh;hpp;hxx;h++;hm;inl;inc;ipp;xsd</Extensions>
    </Filter>
    <Filter Include="Resource Files">
      <UniqueIdentifier>{67DA6AB6-F800-4c08-8B7A-83BB121AAD01}</UniqueIdentifier>
      <Extensions>rc;ico;cur;bmp;dlg;rc2;rct;bin;rgs;gif;jpg;jpeg;jpe;resx;tiff;tif;png;wav;mfcribbon-ms</Extensions>
    </Filter>
  </ItemGroup>
  <ItemGroup>
    <ClCompile Include="Main.cpp" />
    <ClCompile Include="Libraries\glad\src\glad.c" />
    <ClCompile Include="Libraries\stb_image\stb_image.cpp" />
    <ClCompile Include="Source\OpenGL\Types\GL_Texture.cpp" />
    <ClCompile Include="Source\AssetManager\AssetManager.cpp" />
    <ClCompile Include="Source\Backend\Backend.cpp" />
    <ClCompile Include="Source\Input\Input.cpp" />
    <ClCompile Include="Source\Types\Camera.cpp" />
    <ClCompile Include="Source\Types\Player.cpp" />
    <ClCompile Include="Source\Renderer\Renderer.cpp" />
    <ClCompile Include="Source\Game\Game.cpp" />
    <ClCompile Include="Source\OpenGL\Types\GL_shader.cpp" />
    <ClCompile Include="Source\Renderer\Types\Mesh.cpp" />
    <ClCompile Include="Source\Renderer\Types\Model.cpp" />
    <ClCompile Include="Source\Util\Util.cpp" />
  </ItemGroup>
  <ItemGroup>
    <ClInclude Include="Source\OpenGL\Types\GL_shader.h">
      <Filter>Header Files</Filter>
    </ClInclude>
    <ClInclude Include="Libraries\stb_image\stb_image.h">
      <Filter>Header Files</Filter>
    </ClInclude>
    <ClInclude Include="Source\Renderer\Types\Model.h">
      <Filter>Header Files</Filter>
    </ClInclude>
    <ClInclude Include="Source\Renderer\Types\Mesh.h">
      <Filter>Header Files</Filter>
    </ClInclude>
    <ClInclude Include="Source\OpenGL\Types\GL_Texture.h">
      <Filter>Header Files</Filter>
    </ClInclude>
    <ClInclude Include="Source\AssetManager\AssetManager.h">
      <Filter>Header Files</Filter>
    </ClInclude>
    <ClInclude Include="Source\Backend\Backend.h">
      <Filter>Header Files</Filter>
    </ClInclude>
    <ClInclude Include="Source\Input\Input.h">
      <Filter>Header Files</Filter>
    </ClInclude>
    <ClInclude Include="Source\Input\keycodes.h">
      <Filter>Header Files</Filter>
    </ClInclude>
    <ClInclude Include="Source\Types\Camera.h">
      <Filter>Header Files</Filter>
    </ClInclude>
    <ClInclude Include="Source\Types\Player.h">
      <Filter>Header Files</Filter>
    </ClInclude>
    <ClInclude Include="Source\Renderer\Renderer.h">
      <Filter>Header Files</Filter>
    </ClInclude>
    <ClInclude Include="Source\Game\Game.h">
      <Filter>Header Files</Filter>
    </ClInclude>
    <ClInclude Include="Source\Types\enums.h">
      <Filter>Header Files</Filter>
    </ClInclude>
    <ClInclude Include="Source\Types\Types.h">
      <Filter>Header Files</Filter>
    </ClInclude>
    <ClInclude Include="Source\Util\Util.h">
      <Filter>Header Files</Filter>
    </ClInclude>
  </ItemGroup>
  <ItemGroup>
    <None Include="Resources\OpenGL\GL_backpack.vert" />
    <None Include="Resources\OpenGL\GL_backpack.frag" />
  </ItemGroup>
</Project>